// !$*UTF8*$!
{
	archiveVersion = 1;
	classes = {
	};
	objectVersion = 46;
	objects = {

/* Begin PBXBuildFile section */
		18F227F61BEF30DE0015F6BD /* main.m in Sources */ = {isa = PBXBuildFile; fileRef = 18F227F51BEF30DE0015F6BD /* main.m */; };
		18F227F91BEF30DE0015F6BD /* AppDelegate.m in Sources */ = {isa = PBXBuildFile; fileRef = 18F227F81BEF30DE0015F6BD /* AppDelegate.m */; };
		18F227FF1BEF30DE0015F6BD /* Main.storyboard in Resources */ = {isa = PBXBuildFile; fileRef = 18F227FD1BEF30DE0015F6BD /* Main.storyboard */; };
		18F228011BEF30DE0015F6BD /* Assets.xcassets in Resources */ = {isa = PBXBuildFile; fileRef = 18F228001BEF30DE0015F6BD /* Assets.xcassets */; };
		18F228041BEF30DE0015F6BD /* LaunchScreen.storyboard in Resources */ = {isa = PBXBuildFile; fileRef = 18F228021BEF30DE0015F6BD /* LaunchScreen.storyboard */; };
		18F2280F1BEF30DE0015F6BD /* MusicTests.m in Sources */ = {isa = PBXBuildFile; fileRef = 18F2280E1BEF30DE0015F6BD /* MusicTests.m */; };
		18F2281A1BEF30DE0015F6BD /* MusicUITests.m in Sources */ = {isa = PBXBuildFile; fileRef = 18F228191BEF30DE0015F6BD /* MusicUITests.m */; };
		18F2286B1BEF3B9A0015F6BD /* Podfile in Resources */ = {isa = PBXBuildFile; fileRef = 18F2286A1BEF3B9A0015F6BD /* Podfile */; };
		18F228F01BEF58990015F6BD /* ViewController.m in Sources */ = {isa = PBXBuildFile; fileRef = 18F228EE1BEF58990015F6BD /* ViewController.m */; };
		18F228F61BEF5A020015F6BD /* MBProgressHUD+MJ.m in Sources */ = {isa = PBXBuildFile; fileRef = 18F228F51BEF5A020015F6BD /* MBProgressHUD+MJ.m */; };
		18F229001BEF5A280015F6BD /* Foundation+Log.m in Sources */ = {isa = PBXBuildFile; fileRef = 18F228F71BEF5A280015F6BD /* Foundation+Log.m */; };
		18F229011BEF5A280015F6BD /* UIBarButtonItem+Extension.m in Sources */ = {isa = PBXBuildFile; fileRef = 18F228F91BEF5A280015F6BD /* UIBarButtonItem+Extension.m */; };
		18F229021BEF5A280015F6BD /* UIImage+Circle.m in Sources */ = {isa = PBXBuildFile; fileRef = 18F228FB1BEF5A280015F6BD /* UIImage+Circle.m */; };
		18F229031BEF5A280015F6BD /* UIView+AutoLayout.m in Sources */ = {isa = PBXBuildFile; fileRef = 18F228FD1BEF5A280015F6BD /* UIView+AutoLayout.m */; };
		18F229041BEF5A280015F6BD /* UIView+Extension.m in Sources */ = {isa = PBXBuildFile; fileRef = 18F228FF1BEF5A280015F6BD /* UIView+Extension.m */; };
		18F229071BEF5A560015F6BD /* BaseModel.m in Sources */ = {isa = PBXBuildFile; fileRef = 18F229061BEF5A560015F6BD /* BaseModel.m */; };
		18F2290A1BEF5A610015F6BD /* BaseNetManager.m in Sources */ = {isa = PBXBuildFile; fileRef = 18F229091BEF5A610015F6BD /* BaseNetManager.m */; };
		18F2290D1BEF5B670015F6BD /* MusicModel.m in Sources */ = {isa = PBXBuildFile; fileRef = 18F2290C1BEF5B670015F6BD /* MusicModel.m */; };
		18F229101BEF5F9E0015F6BD /* MusicNetManager.m in Sources */ = {isa = PBXBuildFile; fileRef = 18F2290F1BEF5F9E0015F6BD /* MusicNetManager.m */; };
		391238D6F86CBD7790E97508 /* libPods.a in Frameworks */ = {isa = PBXBuildFile; fileRef = E8E3C9659624E61AB53E4783 /* libPods.a */; };
/* End PBXBuildFile section */

/* Begin PBXContainerItemProxy section */
		18F2280B1BEF30DE0015F6BD /* PBXContainerItemProxy */ = {
			isa = PBXContainerItemProxy;
			containerPortal = 18F227E91BEF30DE0015F6BD /* Project object */;
			proxyType = 1;
			remoteGlobalIDString = 18F227F01BEF30DE0015F6BD;
			remoteInfo = Music;
		};
		18F228161BEF30DE0015F6BD /* PBXContainerItemProxy */ = {
			isa = PBXContainerItemProxy;
			containerPortal = 18F227E91BEF30DE0015F6BD /* Project object */;
			proxyType = 1;
			remoteGlobalIDString = 18F227F01BEF30DE0015F6BD;
			remoteInfo = Music;
		};
/* End PBXContainerItemProxy section */

/* Begin PBXFileReference section */
		18F227F11BEF30DE0015F6BD /* Music.app */ = {isa = PBXFileReference; explicitFileType = wrapper.application; includeInIndex = 0; path = Music.app; sourceTree = BUILT_PRODUCTS_DIR; };
		18F227F51BEF30DE0015F6BD /* main.m */ = {isa = PBXFileReference; lastKnownFileType = sourcecode.c.objc; path = main.m; sourceTree = "<group>"; };
		18F227F71BEF30DE0015F6BD /* AppDelegate.h */ = {isa = PBXFileReference; lastKnownFileType = sourcecode.c.h; path = AppDelegate.h; sourceTree = "<group>"; };
		18F227F81BEF30DE0015F6BD /* AppDelegate.m */ = {isa = PBXFileReference; lastKnownFileType = sourcecode.c.objc; path = AppDelegate.m; sourceTree = "<group>"; };
		18F227FE1BEF30DE0015F6BD /* Base */ = {isa = PBXFileReference; lastKnownFileType = file.storyboard; name = Base; path = Base.lproj/Main.storyboard; sourceTree = "<group>"; };
		18F228001BEF30DE0015F6BD /* Assets.xcassets */ = {isa = PBXFileReference; lastKnownFileType = folder.assetcatalog; name = Assets.xcassets; path = ../Assets.xcassets; sourceTree = "<group>"; };
		18F228031BEF30DE0015F6BD /* Base */ = {isa = PBXFileReference; lastKnownFileType = file.storyboard; name = Base; path = Base.lproj/LaunchScreen.storyboard; sourceTree = "<group>"; };
		18F228051BEF30DE0015F6BD /* Info.plist */ = {isa = PBXFileReference; lastKnownFileType = text.plist.xml; path = Info.plist; sourceTree = "<group>"; };
		18F2280A1BEF30DE0015F6BD /* MusicTests.xctest */ = {isa = PBXFileReference; explicitFileType = wrapper.cfbundle; includeInIndex = 0; path = MusicTests.xctest; sourceTree = BUILT_PRODUCTS_DIR; };
		18F2280E1BEF30DE0015F6BD /* MusicTests.m */ = {isa = PBXFileReference; lastKnownFileType = sourcecode.c.objc; path = MusicTests.m; sourceTree = "<group>"; };
		18F228101BEF30DE0015F6BD /* Info.plist */ = {isa = PBXFileReference; lastKnownFileType = text.plist.xml; path = Info.plist; sourceTree = "<group>"; };
		18F228151BEF30DE0015F6BD /* MusicUITests.xctest */ = {isa = PBXFileReference; explicitFileType = wrapper.cfbundle; includeInIndex = 0; path = MusicUITests.xctest; sourceTree = BUILT_PRODUCTS_DIR; };
		18F228191BEF30DE0015F6BD /* MusicUITests.m */ = {isa = PBXFileReference; lastKnownFileType = sourcecode.c.objc; path = MusicUITests.m; sourceTree = "<group>"; };
		18F2281B1BEF30DE0015F6BD /* Info.plist */ = {isa = PBXFileReference; lastKnownFileType = text.plist.xml; path = Info.plist; sourceTree = "<group>"; };
		18F2286A1BEF3B9A0015F6BD /* Podfile */ = {isa = PBXFileReference; fileEncoding = 4; lastKnownFileType = text; path = Podfile; sourceTree = "<group>"; xcLanguageSpecificationIdentifier = xcode.lang.ruby; };
		18F228ED1BEF58990015F6BD /* ViewController.h */ = {isa = PBXFileReference; fileEncoding = 4; lastKnownFileType = sourcecode.c.h; path = ViewController.h; sourceTree = "<group>"; };
		18F228EE1BEF58990015F6BD /* ViewController.m */ = {isa = PBXFileReference; fileEncoding = 4; lastKnownFileType = sourcecode.c.objc; path = ViewController.m; sourceTree = "<group>"; };
		18F228F11BEF58CC0015F6BD /* PrefixHeader.pch */ = {isa = PBXFileReference; lastKnownFileType = sourcecode.c.h; path = PrefixHeader.pch; sourceTree = "<group>"; };
		18F228F21BEF59670015F6BD /* Constants.h */ = {isa = PBXFileReference; lastKnownFileType = sourcecode.c.h; path = Constants.h; sourceTree = "<group>"; };
		18F228F41BEF5A020015F6BD /* MBProgressHUD+MJ.h */ = {isa = PBXFileReference; fileEncoding = 4; lastKnownFileType = sourcecode.c.h; path = "MBProgressHUD+MJ.h"; sourceTree = "<group>"; };
		18F228F51BEF5A020015F6BD /* MBProgressHUD+MJ.m */ = {isa = PBXFileReference; fileEncoding = 4; lastKnownFileType = sourcecode.c.objc; path = "MBProgressHUD+MJ.m"; sourceTree = "<group>"; };
		18F228F71BEF5A280015F6BD /* Foundation+Log.m */ = {isa = PBXFileReference; fileEncoding = 4; lastKnownFileType = sourcecode.c.objc; path = "Foundation+Log.m"; sourceTree = "<group>"; };
		18F228F81BEF5A280015F6BD /* UIBarButtonItem+Extension.h */ = {isa = PBXFileReference; fileEncoding = 4; lastKnownFileType = sourcecode.c.h; path = "UIBarButtonItem+Extension.h"; sourceTree = "<group>"; };
		18F228F91BEF5A280015F6BD /* UIBarButtonItem+Extension.m */ = {isa = PBXFileReference; fileEncoding = 4; lastKnownFileType = sourcecode.c.objc; path = "UIBarButtonItem+Extension.m"; sourceTree = "<group>"; };
		18F228FA1BEF5A280015F6BD /* UIImage+Circle.h */ = {isa = PBXFileReference; fileEncoding = 4; lastKnownFileType = sourcecode.c.h; path = "UIImage+Circle.h"; sourceTree = "<group>"; };
		18F228FB1BEF5A280015F6BD /* UIImage+Circle.m */ = {isa = PBXFileReference; fileEncoding = 4; lastKnownFileType = sourcecode.c.objc; path = "UIImage+Circle.m"; sourceTree = "<group>"; };
		18F228FC1BEF5A280015F6BD /* UIView+AutoLayout.h */ = {isa = PBXFileReference; fileEncoding = 4; lastKnownFileType = sourcecode.c.h; path = "UIView+AutoLayout.h"; sourceTree = "<group>"; };
		18F228FD1BEF5A280015F6BD /* UIView+AutoLayout.m */ = {isa = PBXFileReference; fileEncoding = 4; lastKnownFileType = sourcecode.c.objc; path = "UIView+AutoLayout.m"; sourceTree = "<group>"; };
		18F228FE1BEF5A280015F6BD /* UIView+Extension.h */ = {isa = PBXFileReference; fileEncoding = 4; lastKnownFileType = sourcecode.c.h; path = "UIView+Extension.h"; sourceTree = "<group>"; };
		18F228FF1BEF5A280015F6BD /* UIView+Extension.m */ = {isa = PBXFileReference; fileEncoding = 4; lastKnownFileType = sourcecode.c.objc; path = "UIView+Extension.m"; sourceTree = "<group>"; };
		18F229051BEF5A560015F6BD /* BaseModel.h */ = {isa = PBXFileReference; fileEncoding = 4; lastKnownFileType = sourcecode.c.h; path = BaseModel.h; sourceTree = "<group>"; };
		18F229061BEF5A560015F6BD /* BaseModel.m */ = {isa = PBXFileReference; fileEncoding = 4; lastKnownFileType = sourcecode.c.objc; path = BaseModel.m; sourceTree = "<group>"; };
		18F229081BEF5A610015F6BD /* BaseNetManager.h */ = {isa = PBXFileReference; fileEncoding = 4; lastKnownFileType = sourcecode.c.h; path = BaseNetManager.h; sourceTree = "<group>"; };
		18F229091BEF5A610015F6BD /* BaseNetManager.m */ = {isa = PBXFileReference; fileEncoding = 4; lastKnownFileType = sourcecode.c.objc; path = BaseNetManager.m; sourceTree = "<group>"; };
		18F2290B1BEF5B670015F6BD /* MusicModel.h */ = {isa = PBXFileReference; fileEncoding = 4; lastKnownFileType = sourcecode.c.h; path = MusicModel.h; sourceTree = "<group>"; };
		18F2290C1BEF5B670015F6BD /* MusicModel.m */ = {isa = PBXFileReference; fileEncoding = 4; lastKnownFileType = sourcecode.c.objc; path = MusicModel.m; sourceTree = "<group>"; };
		18F2290E1BEF5F9E0015F6BD /* MusicNetManager.h */ = {isa = PBXFileReference; fileEncoding = 4; lastKnownFileType = sourcecode.c.h; path = MusicNetManager.h; sourceTree = "<group>"; };
		18F2290F1BEF5F9E0015F6BD /* MusicNetManager.m */ = {isa = PBXFileReference; fileEncoding = 4; lastKnownFileType = sourcecode.c.objc; path = MusicNetManager.m; sourceTree = "<group>"; };
		40E273FD1A409641E5727306 /* Pods.release.xcconfig */ = {isa = PBXFileReference; includeInIndex = 1; lastKnownFileType = text.xcconfig; name = Pods.release.xcconfig; path = "Pods/Target Support Files/Pods/Pods.release.xcconfig"; sourceTree = "<group>"; };
		90B10E379DF62A198C96EC27 /* Pods.debug.xcconfig */ = {isa = PBXFileReference; includeInIndex = 1; lastKnownFileType = text.xcconfig; name = Pods.debug.xcconfig; path = "Pods/Target Support Files/Pods/Pods.debug.xcconfig"; sourceTree = "<group>"; };
		E8E3C9659624E61AB53E4783 /* libPods.a */ = {isa = PBXFileReference; explicitFileType = archive.ar; includeInIndex = 0; path = libPods.a; sourceTree = BUILT_PRODUCTS_DIR; };
/* End PBXFileReference section */

/* Begin PBXFrameworksBuildPhase section */
		18F227EE1BEF30DE0015F6BD /* Frameworks */ = {
			isa = PBXFrameworksBuildPhase;
			buildActionMask = 2147483647;
			files = (
				391238D6F86CBD7790E97508 /* libPods.a in Frameworks */,
			);
			runOnlyForDeploymentPostprocessing = 0;
		};
		18F228071BEF30DE0015F6BD /* Frameworks */ = {
			isa = PBXFrameworksBuildPhase;
			buildActionMask = 2147483647;
			files = (
			);
			runOnlyForDeploymentPostprocessing = 0;
		};
		18F228121BEF30DE0015F6BD /* Frameworks */ = {
			isa = PBXFrameworksBuildPhase;
			buildActionMask = 2147483647;
			files = (
			);
			runOnlyForDeploymentPostprocessing = 0;
		};
/* End PBXFrameworksBuildPhase section */

/* Begin PBXGroup section */
		18F227E81BEF30DE0015F6BD = {
			isa = PBXGroup;
			children = (
				18F2286A1BEF3B9A0015F6BD /* Podfile */,
				18F227F31BEF30DE0015F6BD /* Music */,
				18F2280D1BEF30DE0015F6BD /* MusicTests */,
				18F228181BEF30DE0015F6BD /* MusicUITests */,
				18F227F21BEF30DE0015F6BD /* Products */,
				5B85BD66EDCF30F651495886 /* Pods */,
				3C65925833DD7A46986C9D72 /* Frameworks */,
			);
			sourceTree = "<group>";
		};
		18F227F21BEF30DE0015F6BD /* Products */ = {
			isa = PBXGroup;
			children = (
				18F227F11BEF30DE0015F6BD /* Music.app */,
				18F2280A1BEF30DE0015F6BD /* MusicTests.xctest */,
				18F228151BEF30DE0015F6BD /* MusicUITests.xctest */,
			);
			name = Products;
			sourceTree = "<group>";
		};
		18F227F31BEF30DE0015F6BD /* Music */ = {
			isa = PBXGroup;
			children = (
				18F228E51BEF58990015F6BD /* Define */,
				18F228E61BEF58990015F6BD /* Model */,
				18F228E71BEF58990015F6BD /* NetManager */,
				18F228E81BEF58990015F6BD /* Resource */,
				18F228E91BEF58990015F6BD /* Util */,
				18F228EA1BEF58990015F6BD /* Vendor */,
				18F228EB1BEF58990015F6BD /* View */,
				18F228EC1BEF58990015F6BD /* ViewController */,
				18F228EF1BEF58990015F6BD /* ViewModel */,
				18F227F71BEF30DE0015F6BD /* AppDelegate.h */,
				18F227F81BEF30DE0015F6BD /* AppDelegate.m */,
				18F227F41BEF30DE0015F6BD /* Supporting Files */,
			);
			path = Music;
			sourceTree = "<group>";
		};
		18F227F41BEF30DE0015F6BD /* Supporting Files */ = {
			isa = PBXGroup;
			children = (
				18F228051BEF30DE0015F6BD /* Info.plist */,
				18F227F51BEF30DE0015F6BD /* main.m */,
			);
			name = "Supporting Files";
			sourceTree = "<group>";
		};
		18F2280D1BEF30DE0015F6BD /* MusicTests */ = {
			isa = PBXGroup;
			children = (
				18F2280E1BEF30DE0015F6BD /* MusicTests.m */,
				18F228101BEF30DE0015F6BD /* Info.plist */,
			);
			path = MusicTests;
			sourceTree = "<group>";
		};
		18F228181BEF30DE0015F6BD /* MusicUITests */ = {
			isa = PBXGroup;
			children = (
				18F228191BEF30DE0015F6BD /* MusicUITests.m */,
				18F2281B1BEF30DE0015F6BD /* Info.plist */,
			);
			path = MusicUITests;
			sourceTree = "<group>";
		};
		18F228E51BEF58990015F6BD /* Define */ = {
			isa = PBXGroup;
			children = (
				18F228F21BEF59670015F6BD /* Constants.h */,
			);
			path = Define;
			sourceTree = "<group>";
		};
		18F228E61BEF58990015F6BD /* Model */ = {
			isa = PBXGroup;
			children = (
				18F229051BEF5A560015F6BD /* BaseModel.h */,
				18F229061BEF5A560015F6BD /* BaseModel.m */,
				18F2290B1BEF5B670015F6BD /* MusicModel.h */,
				18F2290C1BEF5B670015F6BD /* MusicModel.m */,
			);
			path = Model;
			sourceTree = "<group>";
		};
		18F228E71BEF58990015F6BD /* NetManager */ = {
			isa = PBXGroup;
			children = (
				18F229081BEF5A610015F6BD /* BaseNetManager.h */,
				18F229091BEF5A610015F6BD /* BaseNetManager.m */,
				18F2290E1BEF5F9E0015F6BD /* MusicNetManager.h */,
				18F2290F1BEF5F9E0015F6BD /* MusicNetManager.m */,
			);
			path = NetManager;
			sourceTree = "<group>";
		};
		18F228E81BEF58990015F6BD /* Resource */ = {
			isa = PBXGroup;
			children = (
				18F227FD1BEF30DE0015F6BD /* Main.storyboard */,
				18F228001BEF30DE0015F6BD /* Assets.xcassets */,
				18F228021BEF30DE0015F6BD /* LaunchScreen.storyboard */,
				18F228F11BEF58CC0015F6BD /* PrefixHeader.pch */,
			);
			path = Resource;
			sourceTree = "<group>";
		};
		18F228E91BEF58990015F6BD /* Util */ = {
			isa = PBXGroup;
			children = (
				18F228F31BEF59F60015F6BD /* Category */,
			);
			path = Util;
			sourceTree = "<group>";
		};
		18F228EA1BEF58990015F6BD /* Vendor */ = {
			isa = PBXGroup;
			children = (
			);
			path = Vendor;
			sourceTree = "<group>";
		};
		18F228EB1BEF58990015F6BD /* View */ = {
			isa = PBXGroup;
			children = (
			);
			path = View;
			sourceTree = "<group>";
		};
		18F228EC1BEF58990015F6BD /* ViewController */ = {
			isa = PBXGroup;
			children = (
				18F228ED1BEF58990015F6BD /* ViewController.h */,
				18F228EE1BEF58990015F6BD /* ViewController.m */,
			);
			path = ViewController;
			sourceTree = "<group>";
		};
		18F228EF1BEF58990015F6BD /* ViewModel */ = {
			isa = PBXGroup;
			children = (
			);
			path = ViewModel;
			sourceTree = "<group>";
		};
		18F228F31BEF59F60015F6BD /* Category */ = {
			isa = PBXGroup;
			children = (
				18F228F71BEF5A280015F6BD /* Foundation+Log.m */,
				18F228F81BEF5A280015F6BD /* UIBarButtonItem+Extension.h */,
				18F228F91BEF5A280015F6BD /* UIBarButtonItem+Extension.m */,
				18F228FA1BEF5A280015F6BD /* UIImage+Circle.h */,
				18F228FB1BEF5A280015F6BD /* UIImage+Circle.m */,
				18F228FC1BEF5A280015F6BD /* UIView+AutoLayout.h */,
				18F228FD1BEF5A280015F6BD /* UIView+AutoLayout.m */,
				18F228FE1BEF5A280015F6BD /* UIView+Extension.h */,
				18F228FF1BEF5A280015F6BD /* UIView+Extension.m */,
				18F228F41BEF5A020015F6BD /* MBProgressHUD+MJ.h */,
				18F228F51BEF5A020015F6BD /* MBProgressHUD+MJ.m */,
			);
			path = Category;
			sourceTree = "<group>";
		};
		3C65925833DD7A46986C9D72 /* Frameworks */ = {
			isa = PBXGroup;
			children = (
				E8E3C9659624E61AB53E4783 /* libPods.a */,
			);
			name = Frameworks;
			sourceTree = "<group>";
		};
		5B85BD66EDCF30F651495886 /* Pods */ = {
			isa = PBXGroup;
			children = (
				90B10E379DF62A198C96EC27 /* Pods.debug.xcconfig */,
				40E273FD1A409641E5727306 /* Pods.release.xcconfig */,
			);
			name = Pods;
			sourceTree = "<group>";
		};
/* End PBXGroup section */

/* Begin PBXNativeTarget section */
		18F227F01BEF30DE0015F6BD /* Music */ = {
			isa = PBXNativeTarget;
			buildConfigurationList = 18F2281E1BEF30DE0015F6BD /* Build configuration list for PBXNativeTarget "Music" */;
			buildPhases = (
				E8FFF857B6FAB7BA32A9096B /* Check Pods Manifest.lock */,
				18F227ED1BEF30DE0015F6BD /* Sources */,
				18F227EE1BEF30DE0015F6BD /* Frameworks */,
				18F227EF1BEF30DE0015F6BD /* Resources */,
				A1E6D63CF04725C5230D844A /* Embed Pods Frameworks */,
				B8F7717B709AB1549A6257E7 /* Copy Pods Resources */,
			);
			buildRules = (
			);
			dependencies = (
			);
			name = Music;
			productName = Music;
			productReference = 18F227F11BEF30DE0015F6BD /* Music.app */;
			productType = "com.apple.product-type.application";
		};
		18F228091BEF30DE0015F6BD /* MusicTests */ = {
			isa = PBXNativeTarget;
			buildConfigurationList = 18F228211BEF30DE0015F6BD /* Build configuration list for PBXNativeTarget "MusicTests" */;
			buildPhases = (
				18F228061BEF30DE0015F6BD /* Sources */,
				18F228071BEF30DE0015F6BD /* Frameworks */,
				18F228081BEF30DE0015F6BD /* Resources */,
			);
			buildRules = (
			);
			dependencies = (
				18F2280C1BEF30DE0015F6BD /* PBXTargetDependency */,
			);
			name = MusicTests;
			productName = MusicTests;
			productReference = 18F2280A1BEF30DE0015F6BD /* MusicTests.xctest */;
			productType = "com.apple.product-type.bundle.unit-test";
		};
		18F228141BEF30DE0015F6BD /* MusicUITests */ = {
			isa = PBXNativeTarget;
			buildConfigurationList = 18F228241BEF30DE0015F6BD /* Build configuration list for PBXNativeTarget "MusicUITests" */;
			buildPhases = (
				18F228111BEF30DE0015F6BD /* Sources */,
				18F228121BEF30DE0015F6BD /* Frameworks */,
				18F228131BEF30DE0015F6BD /* Resources */,
			);
			buildRules = (
			);
			dependencies = (
				18F228171BEF30DE0015F6BD /* PBXTargetDependency */,
			);
			name = MusicUITests;
			productName = MusicUITests;
			productReference = 18F228151BEF30DE0015F6BD /* MusicUITests.xctest */;
			productType = "com.apple.product-type.bundle.ui-testing";
		};
/* End PBXNativeTarget section */

/* Begin PBXProject section */
		18F227E91BEF30DE0015F6BD /* Project object */ = {
			isa = PBXProject;
			attributes = {
				LastUpgradeCheck = 0710;
				ORGANIZATIONNAME = apple;
				TargetAttributes = {
					18F227F01BEF30DE0015F6BD = {
						CreatedOnToolsVersion = 7.1;
						DevelopmentTeam = HQ6GULG8E2;
					};
					18F228091BEF30DE0015F6BD = {
						CreatedOnToolsVersion = 7.1;
						DevelopmentTeam = HQ6GULG8E2;
						TestTargetID = 18F227F01BEF30DE0015F6BD;
					};
					18F228141BEF30DE0015F6BD = {
						CreatedOnToolsVersion = 7.1;
						DevelopmentTeam = HQ6GULG8E2;
						TestTargetID = 18F227F01BEF30DE0015F6BD;
					};
				};
			};
			buildConfigurationList = 18F227EC1BEF30DE0015F6BD /* Build configuration list for PBXProject "Music" */;
			compatibilityVersion = "Xcode 3.2";
			developmentRegion = English;
			hasScannedForEncodings = 0;
			knownRegions = (
				en,
				Base,
			);
			mainGroup = 18F227E81BEF30DE0015F6BD;
			productRefGroup = 18F227F21BEF30DE0015F6BD /* Products */;
			projectDirPath = "";
			projectRoot = "";
			targets = (
				18F227F01BEF30DE0015F6BD /* Music */,
				18F228091BEF30DE0015F6BD /* MusicTests */,
				18F228141BEF30DE0015F6BD /* MusicUITests */,
			);
		};
/* End PBXProject section */

/* Begin PBXResourcesBuildPhase section */
		18F227EF1BEF30DE0015F6BD /* Resources */ = {
			isa = PBXResourcesBuildPhase;
			buildActionMask = 2147483647;
			files = (
				18F228041BEF30DE0015F6BD /* LaunchScreen.storyboard in Resources */,
				18F228011BEF30DE0015F6BD /* Assets.xcassets in Resources */,
				18F2286B1BEF3B9A0015F6BD /* Podfile in Resources */,
				18F227FF1BEF30DE0015F6BD /* Main.storyboard in Resources */,
			);
			runOnlyForDeploymentPostprocessing = 0;
		};
		18F228081BEF30DE0015F6BD /* Resources */ = {
			isa = PBXResourcesBuildPhase;
			buildActionMask = 2147483647;
			files = (
			);
			runOnlyForDeploymentPostprocessing = 0;
		};
		18F228131BEF30DE0015F6BD /* Resources */ = {
			isa = PBXResourcesBuildPhase;
			buildActionMask = 2147483647;
			files = (
			);
			runOnlyForDeploymentPostprocessing = 0;
		};
/* End PBXResourcesBuildPhase section */

/* Begin PBXShellScriptBuildPhase section */
		A1E6D63CF04725C5230D844A /* Embed Pods Frameworks */ = {
			isa = PBXShellScriptBuildPhase;
			buildActionMask = 2147483647;
			files = (
			);
			inputPaths = (
			);
			name = "Embed Pods Frameworks";
			outputPaths = (
			);
			runOnlyForDeploymentPostprocessing = 0;
			shellPath = /bin/sh;
			shellScript = "\"${SRCROOT}/Pods/Target Support Files/Pods/Pods-frameworks.sh\"\n";
			showEnvVarsInLog = 0;
		};
		B8F7717B709AB1549A6257E7 /* Copy Pods Resources */ = {
			isa = PBXShellScriptBuildPhase;
			buildActionMask = 2147483647;
			files = (
			);
			inputPaths = (
			);
			name = "Copy Pods Resources";
			outputPaths = (
			);
			runOnlyForDeploymentPostprocessing = 0;
			shellPath = /bin/sh;
			shellScript = "\"${SRCROOT}/Pods/Target Support Files/Pods/Pods-resources.sh\"\n";
			showEnvVarsInLog = 0;
		};
		E8FFF857B6FAB7BA32A9096B /* Check Pods Manifest.lock */ = {
			isa = PBXShellScriptBuildPhase;
			buildActionMask = 2147483647;
			files = (
			);
			inputPaths = (
			);
			name = "Check Pods Manifest.lock";
			outputPaths = (
			);
			runOnlyForDeploymentPostprocessing = 0;
			shellPath = /bin/sh;
			shellScript = "diff \"${PODS_ROOT}/../Podfile.lock\" \"${PODS_ROOT}/Manifest.lock\" > /dev/null\nif [[ $? != 0 ]] ; then\n    cat << EOM\nerror: The sandbox is not in sync with the Podfile.lock. Run 'pod install' or update your CocoaPods installation.\nEOM\n    exit 1\nfi\n";
			showEnvVarsInLog = 0;
		};
/* End PBXShellScriptBuildPhase section */

/* Begin PBXSourcesBuildPhase section */
		18F227ED1BEF30DE0015F6BD /* Sources */ = {
			isa = PBXSourcesBuildPhase;
			buildActionMask = 2147483647;
			files = (
				18F229041BEF5A280015F6BD /* UIView+Extension.m in Sources */,
				18F229101BEF5F9E0015F6BD /* MusicNetManager.m in Sources */,
				18F2290D1BEF5B670015F6BD /* MusicModel.m in Sources */,
				18F2290A1BEF5A610015F6BD /* BaseNetManager.m in Sources */,
				18F229011BEF5A280015F6BD /* UIBarButtonItem+Extension.m in Sources */,
				18F229031BEF5A280015F6BD /* UIView+AutoLayout.m in Sources */,
				18F229021BEF5A280015F6BD /* UIImage+Circle.m in Sources */,
				18F228F61BEF5A020015F6BD /* MBProgressHUD+MJ.m in Sources */,
				18F229001BEF5A280015F6BD /* Foundation+Log.m in Sources */,
				18F228F01BEF58990015F6BD /* ViewController.m in Sources */,
				18F227F91BEF30DE0015F6BD /* AppDelegate.m in Sources */,
				18F229071BEF5A560015F6BD /* BaseModel.m in Sources */,
				18F227F61BEF30DE0015F6BD /* main.m in Sources */,
			);
			runOnlyForDeploymentPostprocessing = 0;
		};
		18F228061BEF30DE0015F6BD /* Sources */ = {
			isa = PBXSourcesBuildPhase;
			buildActionMask = 2147483647;
			files = (
				18F2280F1BEF30DE0015F6BD /* MusicTests.m in Sources */,
			);
			runOnlyForDeploymentPostprocessing = 0;
		};
		18F228111BEF30DE0015F6BD /* Sources */ = {
			isa = PBXSourcesBuildPhase;
			buildActionMask = 2147483647;
			files = (
				18F2281A1BEF30DE0015F6BD /* MusicUITests.m in Sources */,
			);
			runOnlyForDeploymentPostprocessing = 0;
		};
/* End PBXSourcesBuildPhase section */

/* Begin PBXTargetDependency section */
		18F2280C1BEF30DE0015F6BD /* PBXTargetDependency */ = {
			isa = PBXTargetDependency;
			target = 18F227F01BEF30DE0015F6BD /* Music */;
			targetProxy = 18F2280B1BEF30DE0015F6BD /* PBXContainerItemProxy */;
		};
		18F228171BEF30DE0015F6BD /* PBXTargetDependency */ = {
			isa = PBXTargetDependency;
			target = 18F227F01BEF30DE0015F6BD /* Music */;
			targetProxy = 18F228161BEF30DE0015F6BD /* PBXContainerItemProxy */;
		};
/* End PBXTargetDependency section */

/* Begin PBXVariantGroup section */
		18F227FD1BEF30DE0015F6BD /* Main.storyboard */ = {
			isa = PBXVariantGroup;
			children = (
				18F227FE1BEF30DE0015F6BD /* Base */,
			);
			name = Main.storyboard;
			path = ..;
			sourceTree = "<group>";
		};
		18F228021BEF30DE0015F6BD /* LaunchScreen.storyboard */ = {
			isa = PBXVariantGroup;
			children = (
				18F228031BEF30DE0015F6BD /* Base */,
			);
			name = LaunchScreen.storyboard;
			path = ..;
			sourceTree = "<group>";
		};
/* End PBXVariantGroup section */

/* Begin XCBuildConfiguration section */
		18F2281C1BEF30DE0015F6BD /* Debug */ = {
			isa = XCBuildConfiguration;
			buildSettings = {
				ALWAYS_SEARCH_USER_PATHS = NO;
				CLANG_CXX_LANGUAGE_STANDARD = "gnu++0x";
				CLANG_CXX_LIBRARY = "libc++";
				CLANG_ENABLE_MODULES = YES;
				CLANG_ENABLE_OBJC_ARC = YES;
				CLANG_WARN_BOOL_CONVERSION = YES;
				CLANG_WARN_CONSTANT_CONVERSION = YES;
				CLANG_WARN_DIRECT_OBJC_ISA_USAGE = YES_ERROR;
				CLANG_WARN_EMPTY_BODY = YES;
				CLANG_WARN_ENUM_CONVERSION = YES;
				CLANG_WARN_INT_CONVERSION = YES;
				CLANG_WARN_OBJC_ROOT_CLASS = YES_ERROR;
				CLANG_WARN_UNREACHABLE_CODE = YES;
				CLANG_WARN__DUPLICATE_METHOD_MATCH = YES;
				"CODE_SIGN_IDENTITY[sdk=iphoneos*]" = "iPhone Developer";
				COPY_PHASE_STRIP = NO;
				DEBUG_INFORMATION_FORMAT = dwarf;
				ENABLE_STRICT_OBJC_MSGSEND = YES;
				ENABLE_TESTABILITY = YES;
				GCC_C_LANGUAGE_STANDARD = gnu99;
				GCC_DYNAMIC_NO_PIC = NO;
				GCC_NO_COMMON_BLOCKS = YES;
				GCC_OPTIMIZATION_LEVEL = 0;
				GCC_PREPROCESSOR_DEFINITIONS = (
					"DEBUG=1",
					"$(inherited)",
				);
				GCC_WARN_64_TO_32_BIT_CONVERSION = YES;
				GCC_WARN_ABOUT_RETURN_TYPE = YES_ERROR;
				GCC_WARN_UNDECLARED_SELECTOR = YES;
				GCC_WARN_UNINITIALIZED_AUTOS = YES_AGGRESSIVE;
				GCC_WARN_UNUSED_FUNCTION = YES;
				GCC_WARN_UNUSED_VARIABLE = YES;
				IPHONEOS_DEPLOYMENT_TARGET = 9.1;
				MTL_ENABLE_DEBUG_INFO = YES;
				ONLY_ACTIVE_ARCH = YES;
				SDKROOT = iphoneos;
			};
			name = Debug;
		};
		18F2281D1BEF30DE0015F6BD /* Release */ = {
			isa = XCBuildConfiguration;
			buildSettings = {
				ALWAYS_SEARCH_USER_PATHS = NO;
				CLANG_CXX_LANGUAGE_STANDARD = "gnu++0x";
				CLANG_CXX_LIBRARY = "libc++";
				CLANG_ENABLE_MODULES = YES;
				CLANG_ENABLE_OBJC_ARC = YES;
				CLANG_WARN_BOOL_CONVERSION = YES;
				CLANG_WARN_CONSTANT_CONVERSION = YES;
				CLANG_WARN_DIRECT_OBJC_ISA_USAGE = YES_ERROR;
				CLANG_WARN_EMPTY_BODY = YES;
				CLANG_WARN_ENUM_CONVERSION = YES;
				CLANG_WARN_INT_CONVERSION = YES;
				CLANG_WARN_OBJC_ROOT_CLASS = YES_ERROR;
				CLANG_WARN_UNREACHABLE_CODE = YES;
				CLANG_WARN__DUPLICATE_METHOD_MATCH = YES;
				"CODE_SIGN_IDENTITY[sdk=iphoneos*]" = "iPhone Developer";
				COPY_PHASE_STRIP = NO;
				DEBUG_INFORMATION_FORMAT = "dwarf-with-dsym";
				ENABLE_NS_ASSERTIONS = NO;
				ENABLE_STRICT_OBJC_MSGSEND = YES;
				GCC_C_LANGUAGE_STANDARD = gnu99;
				GCC_NO_COMMON_BLOCKS = YES;
				GCC_WARN_64_TO_32_BIT_CONVERSION = YES;
				GCC_WARN_ABOUT_RETURN_TYPE = YES_ERROR;
				GCC_WARN_UNDECLARED_SELECTOR = YES;
				GCC_WARN_UNINITIALIZED_AUTOS = YES_AGGRESSIVE;
				GCC_WARN_UNUSED_FUNCTION = YES;
				GCC_WARN_UNUSED_VARIABLE = YES;
				IPHONEOS_DEPLOYMENT_TARGET = 9.1;
				MTL_ENABLE_DEBUG_INFO = NO;
				SDKROOT = iphoneos;
				VALIDATE_PRODUCT = YES;
			};
			name = Release;
		};
		18F2281F1BEF30DE0015F6BD /* Debug */ = {
			isa = XCBuildConfiguration;
			baseConfigurationReference = 90B10E379DF62A198C96EC27 /* Pods.debug.xcconfig */;
			buildSettings = {
				ASSETCATALOG_COMPILER_APPICON_NAME = AppIcon;
				GCC_PREFIX_HEADER = Music/Resource/Prefixheader.pch;
				INFOPLIST_FILE = Music/Info.plist;
				IPHONEOS_DEPLOYMENT_TARGET = 9.1;
				LD_RUNPATH_SEARCH_PATHS = "$(inherited) @executable_path/Frameworks";
				PRODUCT_BUNDLE_IDENTIFIER = cn.icasst.Music;
				PRODUCT_NAME = "$(TARGET_NAME)";
			};
			name = Debug;
		};
		18F228201BEF30DE0015F6BD /* Release */ = {
			isa = XCBuildConfiguration;
			baseConfigurationReference = 40E273FD1A409641E5727306 /* Pods.release.xcconfig */;
			buildSettings = {
				ASSETCATALOG_COMPILER_APPICON_NAME = AppIcon;
				GCC_PREFIX_HEADER = Music/Resource/Prefixheader.pch;
				INFOPLIST_FILE = Music/Info.plist;
				IPHONEOS_DEPLOYMENT_TARGET = 9.1;
				LD_RUNPATH_SEARCH_PATHS = "$(inherited) @executable_path/Frameworks";
				PRODUCT_BUNDLE_IDENTIFIER = cn.icasst.Music;
				PRODUCT_NAME = "$(TARGET_NAME)";
			};
			name = Release;
		};
		18F228221BEF30DE0015F6BD /* Debug */ = {
			isa = XCBuildConfiguration;
			buildSettings = {
				BUNDLE_LOADER = "$(TEST_HOST)";
				INFOPLIST_FILE = MusicTests/Info.plist;
				LD_RUNPATH_SEARCH_PATHS = "$(inherited) @executable_path/Frameworks @loader_path/Frameworks";
				PRODUCT_BUNDLE_IDENTIFIER = cn.icasst.MusicTests;
				PRODUCT_NAME = "$(TARGET_NAME)";
				TEST_HOST = "$(BUILT_PRODUCTS_DIR)/Music.app/Music";
			};
			name = Debug;
		};
		18F228231BEF30DE0015F6BD /* Release */ = {
			isa = XCBuildConfiguration;
			buildSettings = {
				BUNDLE_LOADER = "$(TEST_HOST)";
				INFOPLIST_FILE = MusicTests/Info.plist;
				LD_RUNPATH_SEARCH_PATHS = "$(inherited) @executable_path/Frameworks @loader_path/Frameworks";
				PRODUCT_BUNDLE_IDENTIFIER = cn.icasst.MusicTests;
				PRODUCT_NAME = "$(TARGET_NAME)";
				TEST_HOST = "$(BUILT_PRODUCTS_DIR)/Music.app/Music";
			};
			name = Release;
		};
		18F228251BEF30DE0015F6BD /* Debug */ = {
			isa = XCBuildConfiguration;
			buildSettings = {
				INFOPLIST_FILE = MusicUITests/Info.plist;
				LD_RUNPATH_SEARCH_PATHS = "$(inherited) @executable_path/Frameworks @loader_path/Frameworks";
				PRODUCT_BUNDLE_IDENTIFIER = cn.icasst.MusicUITests;
				PRODUCT_NAME = "$(TARGET_NAME)";
				TEST_TARGET_NAME = Music;
				USES_XCTRUNNER = YES;
			};
			name = Debug;
		};
		18F228261BEF30DE0015F6BD /* Release */ = {
			isa = XCBuildConfiguration;
			buildSettings = {
				INFOPLIST_FILE = MusicUITests/Info.plist;
				LD_RUNPATH_SEARCH_PATHS = "$(inherited) @executable_path/Frameworks @loader_path/Frameworks";
				PRODUCT_BUNDLE_IDENTIFIER = cn.icasst.MusicUITests;
				PRODUCT_NAME = "$(TARGET_NAME)";
				TEST_TARGET_NAME = Music;
				USES_XCTRUNNER = YES;
			};
			name = Release;
		};
/* End XCBuildConfiguration section */

/* Begin XCConfigurationList section */
		18F227EC1BEF30DE0015F6BD /* Build configuration list for PBXProject "Music" */ = {
			isa = XCConfigurationList;
			buildConfigurations = (
				18F2281C1BEF30DE0015F6BD /* Debug */,
				18F2281D1BEF30DE0015F6BD /* Release */,
			);
			defaultConfigurationIsVisible = 0;
			defaultConfigurationName = Release;
		};
		18F2281E1BEF30DE0015F6BD /* Build configuration list for PBXNativeTarget "Music" */ = {
			isa = XCConfigurationList;
			buildConfigurations = (
				18F2281F1BEF30DE0015F6BD /* Debug */,
				18F228201BEF30DE0015F6BD /* Release */,
			);
			defaultConfigurationIsVisible = 0;
			defaultConfigurationName = Release;
		};
		18F228211BEF30DE0015F6BD /* Build configuration list for PBXNativeTarget "MusicTests" */ = {
			isa = XCConfigurationList;
			buildConfigurations = (
				18F228221BEF30DE0015F6BD /* Debug */,
				18F228231BEF30DE0015F6BD /* Release */,
			);
			defaultConfigurationIsVisible = 0;
			defaultConfigurationName = Release;
		};
		18F228241BEF30DE0015F6BD /* Build configuration list for PBXNativeTarget "MusicUITests" */ = {
			isa = XCConfigurationList;
			buildConfigurations = (
				18F228251BEF30DE0015F6BD /* Debug */,
				18F228261BEF30DE0015F6BD /* Release */,
			);
			defaultConfigurationIsVisible = 0;
			defaultConfigurationName = Release;
		};
/* End XCConfigurationList section */
	};
	rootObject = 18F227E91BEF30DE0015F6BD /* Project object */;
}
