PODS:
  - AFNetworking (2.6.2):
    - AFNetworking/NSURLConnection (= 2.6.2)
    - AFNetworking/NSURLSession (= 2.6.2)
    - AFNetworking/Reachability (= 2.6.2)
    - AFNetworking/Security (= 2.6.2)
    - AFNetworking/Serialization (= 2.6.2)
    - AFNetworking/UIKit (= 2.6.2)
  - AFNetworking/NSURLConnection (2.6.2):
    - AFNetworking/Reachability
    - AFNetworking/Security
    - AFNetworking/Serialization
  - AFNetworking/NSURLSession (2.6.2):
    - AFNetworking/Reachability
    - AFNetworking/Security
    - AFNetworking/Serialization
  - AFNetworking/Reachability (2.6.2)
  - AFNetworking/Security (2.6.2)
  - AFNetworking/Serialization (2.6.2)
  - AFNetworking/UIKit (2.6.2):
    - AFNetworking/NSURLConnection
    - AFNetworking/NSURLSession
  - BlocksKit (2.2.5):
    - BlocksKit/All (= 2.2.5)
  - BlocksKit/All (2.2.5):
    - BlocksKit/Core
    - BlocksKit/DynamicDelegate
    - BlocksKit/MessageUI
    - BlocksKit/UIKit
  - BlocksKit/Core (2.2.5)
  - BlocksKit/DynamicDelegate (2.2.5)
  - BlocksKit/MessageUI (2.2.5):
    - BlocksKit/Core
    - BlocksKit/DynamicDelegate
  - BlocksKit/UIKit (2.2.5):
    - BlocksKit/Core
    - BlocksKit/DynamicDelegate
  - FMDB (2.5):
    - FMDB/standard (= 2.5)
  - FMDB/common (2.5)
  - FMDB/standard (2.5):
    - FMDB/common
  - Masonry (0.6.3)
  - MBProgressHUD (0.9.1)
  - MJExtension (3.0.3)
  - MJRefresh (3.0.1)
  - RESideMenu (4.0.7)
  - SDWebImage (3.7.3):
    - SDWebImage/Core (= 3.7.3)
  - SDWebImage/Core (3.7.3)
  - Shimmer (1.0.2)

DEPENDENCIES:
  - AFNetworking
  - BlocksKit
  - FMDB
  - Masonry
  - MBProgressHUD
  - MJExtension
  - MJRefresh
  - RESideMenu
  - SDWebImage
  - Shimmer

SPEC CHECKSUMS:
  AFNetworking: 7f317038a9710cabfa43ec56396b307b45df72ab
  BlocksKit: 7f422b971407001178d181a43b99014ea2591fe6
  FMDB: 96e8f1bcc1329e269330f99770ad4285d9003e52
  Masonry: ff105a956abcd19a618b2028b121cb638d7a8e2f
  MBProgressHUD: c47f2c166c126cf2ce36498d80f33e754d4e93ad
  MJExtension: de557e1c48ef3212590d3203764c8003fae68815
  MJRefresh: ca22bb7197c4a17a0491763773cd5cb106b2a810
  RESideMenu: f24c508404b49c667344c54aba7e590883533958
  SDWebImage: 1d2b1a1efda1ade1b00b6f8498865f8ddedc8a84
  Shimmer: c5374be1c2b0c9e292fb05b339a513cf291cac86

COCOAPODS: 0.39.0
